{
  "name": "gce-relay",
  "version": "0.0.0",
  "lockfileVersion": 2,
  "requires": true,
  "packages": {
    "": {
      "name": "gce-relay",
      "version": "0.0.0",
      "license": "MIT",
      "dependencies": {
        "date-time-string": "^0.0.9"
      },
      "devDependencies": {
        "@types/node": "^25.6.2"
      }
    },
    "node_modules/@types/node": {
      "version": "25.6.2",
      "resolved": "https://registry.npmjs.org/@types/node/-/node-25.6.2.tgz",
      "integrity": "sha512-sokuT28dxf9JT5Kady1fsXOvI4HVpjZa95NKT5y9PNTIrs2AsobR4GFAA90ZG8M+nxVRLysCXsVj6eGC7Vbrlw==",
      "dev": true,
      "license": "MIT",
      "dependencies": {
        "undici-types": "~7.19.0"
      }
    },
    "node_modules/date-time-string": {
      "version": "0.0.9",
      "resolved": "https://registry.npmjs.org/date-time-string/-/date-time-string-0.0.9.tgz",
      "integrity": "sha512-1njGNCL8Q6eHAQvWO4aAq4y9NPGJ3WEWDaoXqravm7Ek6LVudrXgiZGprF8LllQ+VebKT60UscpM1+9xBrdVbQ=="
    },
    "node_modules/undici-types": {
      "version": "7.19.2",
      "resolved": "https://registry.npmjs.org/undici-types/-/undici-types-7.19.2.tgz",
      "integrity": "sha512-qYVnV5OEm2AW8cJMCpdV20CDyaN3g0AjDlOGf1OW4iaDEx8MwdtChUp4zu4H0VP3nDRF/8RKWH+IPp9uW0YGZg==",
      "dev": true,
      "license": "MIT"
    }
  },
  "dependencies": {
    "@types/node": {
      "version": "25.6.2",
      "resolved": "https://registry.npmjs.org/@types/node/-/node-25.6.2.tgz",
      "integrity": "sha512-sokuT28dxf9JT5Kady1fsXOvI4HVpjZa95NKT5y9PNTIrs2AsobR4GFAA90ZG8M+nxVRLysCXsVj6eGC7Vbrlw==",
      "dev": true,
      "requires": {
        "undici-types": "~7.19.0"
      }
    },
    "date-time-string": {
      "version": "0.0.9",
      "resolved": "https://registry.npmjs.org/date-time-string/-/date-time-string-0.0.9.tgz",
      "integrity": "sha512-1njGNCL8Q6eHAQvWO4aAq4y9NPGJ3WEWDaoXqravm7Ek6LVudrXgiZGprF8LllQ+VebKT60UscpM1+9xBrdVbQ=="
    },
    "undici-types": {
      "version": "7.19.2",
      "resolved": "https://registry.npmjs.org/undici-types/-/undici-types-7.19.2.tgz",
      "integrity": "sha512-qYVnV5OEm2AW8cJMCpdV20CDyaN3g0AjDlOGf1OW4iaDEx8MwdtChUp4zu4H0VP3nDRF/8RKWH+IPp9uW0YGZg==",
      "dev": true
    }
  }
}
