{
  "name": "gce-relay",
  "version": "0.0.0",
  "lockfileVersion": 2,
  "requires": true,
  "packages": {
    "": {
      "name": "gce-relay",
      "version": "0.0.0",
      "license": "MIT",
      "dependencies": {
        "date-time-string": "^0.0.9"
      }
    },
    "node_modules/date-time-string": {
      "version": "0.0.9",
      "resolved": "https://registry.npmjs.org/date-time-string/-/date-time-string-0.0.9.tgz",
      "integrity": "sha512-1njGNCL8Q6eHAQvWO4aAq4y9NPGJ3WEWDaoXqravm7Ek6LVudrXgiZGprF8LllQ+VebKT60UscpM1+9xBrdVbQ=="
    }
  },
  "dependencies": {
    "date-time-string": {
      "version": "0.0.9",
      "resolved": "https://registry.npmjs.org/date-time-string/-/date-time-string-0.0.9.tgz",
      "integrity": "sha512-1njGNCL8Q6eHAQvWO4aAq4y9NPGJ3WEWDaoXqravm7Ek6LVudrXgiZGprF8LllQ+VebKT60UscpM1+9xBrdVbQ=="
    }
  }
}
